// !$*UTF8*$!
{
	archiveVersion = 1;
	classes = {
	};
	objectVersion = 46;
	objects = {

/* Begin PBXBuildFile section */
		E907981D1D03EB250050D455 /* TodoModel+CoreDataProperties.swift in Sources */ = {isa = PBXBuildFile; fileRef = E90798191D03EB250050D455 /* TodoModel+CoreDataProperties.swift */; };
		E907981E1D03EB250050D455 /* TodoModel.swift in Sources */ = {isa = PBXBuildFile; fileRef = E907981A1D03EB250050D455 /* TodoModel.swift */; };
		E907981F1D03EB250050D455 /* TaskDate+CoreDataProperties.swift in Sources */ = {isa = PBXBuildFile; fileRef = E907981B1D03EB250050D455 /* TaskDate+CoreDataProperties.swift */; };
		E90798201D03EB250050D455 /* TaskDate.swift in Sources */ = {isa = PBXBuildFile; fileRef = E907981C1D03EB250050D455 /* TaskDate.swift */; };
		E9227C591CCCCBD6002E8414 /* TodoViewController.swift in Sources */ = {isa = PBXBuildFile; fileRef = E9227C581CCCCBD6002E8414 /* TodoViewController.swift */; };
		E94DF9831CE3763C00BEA74E /* TodoCell.swift in Sources */ = {isa = PBXBuildFile; fileRef = E94DF9821CE3763C00BEA74E /* TodoCell.swift */; };
		E94DF9851CE3767500BEA74E /* CalendarCell.swift in Sources */ = {isa = PBXBuildFile; fileRef = E94DF9841CE3767500BEA74E /* CalendarCell.swift */; };
		E96424CB1CF5F37700073BEA /* TodoItemDataModel.xcdatamodeld in Sources */ = {isa = PBXBuildFile; fileRef = E96424C91CF5F37700073BEA /* TodoItemDataModel.xcdatamodeld */; };
		E988D1E01CDE0C94004C156E /* CalendarHelper.swift in Sources */ = {isa = PBXBuildFile; fileRef = E988D1DF1CDE0C94004C156E /* CalendarHelper.swift */; };
		E99101CB1CCB0E2800FF1424 /* DetailViewController.swift in Sources */ = {isa = PBXBuildFile; fileRef = E99101CA1CCB0E2800FF1424 /* DetailViewController.swift */; };
		E991D83B1D11BBEC0002B94C /* changeLog in Resources */ = {isa = PBXBuildFile; fileRef = E991D83A1D11BBEC0002B94C /* changeLog */; };
		E991D83E1D12E7840002B94C /* Constants.swift in Sources */ = {isa = PBXBuildFile; fileRef = E991D83D1D12E7840002B94C /* Constants.swift */; };
		E99BA7DD1CC62BB900860CB0 /* AppDelegate.swift in Sources */ = {isa = PBXBuildFile; fileRef = E99BA7DC1CC62BB900860CB0 /* AppDelegate.swift */; };
		E99BA7E21CC62BB900860CB0 /* Main.storyboard in Resources */ = {isa = PBXBuildFile; fileRef = E99BA7E01CC62BB900860CB0 /* Main.storyboard */; };
		E99BA7E41CC62BB900860CB0 /* Assets.xcassets in Resources */ = {isa = PBXBuildFile; fileRef = E99BA7E31CC62BB900860CB0 /* Assets.xcassets */; };
		E99BA7E71CC62BB900860CB0 /* LaunchScreen.storyboard in Resources */ = {isa = PBXBuildFile; fileRef = E99BA7E51CC62BB900860CB0 /* LaunchScreen.storyboard */; };
		E9B38E5B1CD822C100BC27E1 /* TodoCollectionCell.swift in Sources */ = {isa = PBXBuildFile; fileRef = E9B38E5A1CD822C100BC27E1 /* TodoCollectionCell.swift */; };
		E9B38E5D1CD825E300BC27E1 /* TodoItemList.swift in Sources */ = {isa = PBXBuildFile; fileRef = E9B38E5C1CD825E300BC27E1 /* TodoItemList.swift */; };
		E9EB539F1CDDBCB300E0EFCB /* TodoListHelper.swift in Sources */ = {isa = PBXBuildFile; fileRef = E9EB539E1CDDBCB300E0EFCB /* TodoListHelper.swift */; };
		E9F137161CF9ECF900A042F2 /* CoreDataHelper.swift in Sources */ = {isa = PBXBuildFile; fileRef = E9F137151CF9ECF900A042F2 /* CoreDataHelper.swift */; };
/* End PBXBuildFile section */

/* Begin PBXFileReference section */
		E90798191D03EB250050D455 /* TodoModel+CoreDataProperties.swift */ = {isa = PBXFileReference; fileEncoding = 4; lastKnownFileType = sourcecode.swift; name = "TodoModel+CoreDataProperties.swift"; path = "../TodoModel+CoreDataProperties.swift"; sourceTree = "<group>"; };
		E907981A1D03EB250050D455 /* TodoModel.swift */ = {isa = PBXFileReference; fileEncoding = 4; lastKnownFileType = sourcecode.swift; name = TodoModel.swift; path = ../TodoModel.swift; sourceTree = "<group>"; };
		E907981B1D03EB250050D455 /* TaskDate+CoreDataProperties.swift */ = {isa = PBXFileReference; fileEncoding = 4; lastKnownFileType = sourcecode.swift; name = "TaskDate+CoreDataProperties.swift"; path = "../TaskDate+CoreDataProperties.swift"; sourceTree = "<group>"; };
		E907981C1D03EB250050D455 /* TaskDate.swift */ = {isa = PBXFileReference; fileEncoding = 4; lastKnownFileType = sourcecode.swift; name = TaskDate.swift; path = ../TaskDate.swift; sourceTree = "<group>"; };
		E9227C581CCCCBD6002E8414 /* TodoViewController.swift */ = {isa = PBXFileReference; fileEncoding = 4; lastKnownFileType = sourcecode.swift; path = TodoViewController.swift; sourceTree = "<group>"; };
		E94DF9821CE3763C00BEA74E /* TodoCell.swift */ = {isa = PBXFileReference; fileEncoding = 4; lastKnownFileType = sourcecode.swift; path = TodoCell.swift; sourceTree = "<group>"; };
		E94DF9841CE3767500BEA74E /* CalendarCell.swift */ = {isa = PBXFileReference; fileEncoding = 4; lastKnownFileType = sourcecode.swift; path = CalendarCell.swift; sourceTree = "<group>"; };
		E96424CA1CF5F37700073BEA /* TodoItemDataModel.xcdatamodel */ = {isa = PBXFileReference; lastKnownFileType = wrapper.xcdatamodel; path = TodoItemDataModel.xcdatamodel; sourceTree = "<group>"; };
		E988D1DF1CDE0C94004C156E /* CalendarHelper.swift */ = {isa = PBXFileReference; fileEncoding = 4; lastKnownFileType = sourcecode.swift; path = CalendarHelper.swift; sourceTree = "<group>"; };
		E99101CA1CCB0E2800FF1424 /* DetailViewController.swift */ = {isa = PBXFileReference; fileEncoding = 4; lastKnownFileType = sourcecode.swift; path = DetailViewController.swift; sourceTree = "<group>"; };
		E991D83A1D11BBEC0002B94C /* changeLog */ = {isa = PBXFileReference; fileEncoding = 4; lastKnownFileType = text; path = changeLog; sourceTree = "<group>"; };
		E991D83D1D12E7840002B94C /* Constants.swift */ = {isa = PBXFileReference; fileEncoding = 4; lastKnownFileType = sourcecode.swift; path = Constants.swift; sourceTree = "<group>"; };
		E99BA7D91CC62BB900860CB0 /* TodoList.app */ = {isa = PBXFileReference; explicitFileType = wrapper.application; includeInIndex = 0; path = TodoList.app; sourceTree = BUILT_PRODUCTS_DIR; };
		E99BA7DC1CC62BB900860CB0 /* AppDelegate.swift */ = {isa = PBXFileReference; lastKnownFileType = sourcecode.swift; path = AppDelegate.swift; sourceTree = "<group>"; };
		E99BA7E11CC62BB900860CB0 /* Base */ = {isa = PBXFileReference; lastKnownFileType = file.storyboard; name = Base; path = Base.lproj/Main.storyboard; sourceTree = "<group>"; };
		E99BA7E31CC62BB900860CB0 /* Assets.xcassets */ = {isa = PBXFileReference; lastKnownFileType = folder.assetcatalog; path = Assets.xcassets; sourceTree = "<group>"; };
		E99BA7E61CC62BB900860CB0 /* Base */ = {isa = PBXFileReference; lastKnownFileType = file.storyboard; name = Base; path = Base.lproj/LaunchScreen.storyboard; sourceTree = "<group>"; };
		E99BA7E81CC62BB900860CB0 /* Info.plist */ = {isa = PBXFileReference; lastKnownFileType = text.plist.xml; path = Info.plist; sourceTree = "<group>"; };
		E9B38E5A1CD822C100BC27E1 /* TodoCollectionCell.swift */ = {isa = PBXFileReference; fileEncoding = 4; lastKnownFileType = sourcecode.swift; path = TodoCollectionCell.swift; sourceTree = "<group>"; };
		E9B38E5C1CD825E300BC27E1 /* TodoItemList.swift */ = {isa = PBXFileReference; fileEncoding = 4; lastKnownFileType = sourcecode.swift; path = TodoItemList.swift; sourceTree = "<group>"; };
		E9EB539E1CDDBCB300E0EFCB /* TodoListHelper.swift */ = {isa = PBXFileReference; fileEncoding = 4; lastKnownFileType = sourcecode.swift; path = TodoListHelper.swift; sourceTree = "<group>"; };
		E9F137151CF9ECF900A042F2 /* CoreDataHelper.swift */ = {isa = PBXFileReference; fileEncoding = 4; lastKnownFileType = sourcecode.swift; path = CoreDataHelper.swift; sourceTree = "<group>"; };
/* End PBXFileReference section */

/* Begin PBXFrameworksBuildPhase section */
		E99BA7D61CC62BB900860CB0 /* Frameworks */ = {
			isa = PBXFrameworksBuildPhase;
			buildActionMask = 2147483647;
			files = (
			);
			runOnlyForDeploymentPostprocessing = 0;
		};
/* End PBXFrameworksBuildPhase section */

/* Begin PBXGroup section */
		E991D83C1D12E7460002B94C /* Utils */ = {
			isa = PBXGroup;
			children = (
				E991D83D1D12E7840002B94C /* Constants.swift */,
			);
			name = Utils;
			sourceTree = "<group>";
		};
		E998B6BB1CD5C3F80001CCBF /* Model */ = {
			isa = PBXGroup;
			children = (
				E90798191D03EB250050D455 /* TodoModel+CoreDataProperties.swift */,
				E907981A1D03EB250050D455 /* TodoModel.swift */,
				E907981B1D03EB250050D455 /* TaskDate+CoreDataProperties.swift */,
				E907981C1D03EB250050D455 /* TaskDate.swift */,
				E9B38E5C1CD825E300BC27E1 /* TodoItemList.swift */,
			);
			name = Model;
			sourceTree = "<group>";
		};
		E998B6BC1CD5C40C0001CCBF /* Cell */ = {
			isa = PBXGroup;
			children = (
				E94DF9821CE3763C00BEA74E /* TodoCell.swift */,
				E9B38E5A1CD822C100BC27E1 /* TodoCollectionCell.swift */,
				E94DF9841CE3767500BEA74E /* CalendarCell.swift */,
			);
			name = Cell;
			sourceTree = "<group>";
		};
		E998B6BD1CD5C44D0001CCBF /* Support files */ = {
			isa = PBXGroup;
			children = (
				E99BA7E51CC62BB900860CB0 /* LaunchScreen.storyboard */,
				E99BA7E81CC62BB900860CB0 /* Info.plist */,
				E99BA7DC1CC62BB900860CB0 /* AppDelegate.swift */,
				E99BA7E31CC62BB900860CB0 /* Assets.xcassets */,
			);
			name = "Support files";
			sourceTree = "<group>";
		};
		E998B6C01CD5D2100001CCBF /* Helper */ = {
			isa = PBXGroup;
			children = (
				E9EB539E1CDDBCB300E0EFCB /* TodoListHelper.swift */,
				E988D1DF1CDE0C94004C156E /* CalendarHelper.swift */,
				E9F137151CF9ECF900A042F2 /* CoreDataHelper.swift */,
			);
			name = Helper;
			sourceTree = "<group>";
		};
		E99BA7D01CC62BB800860CB0 = {
			isa = PBXGroup;
			children = (
				E99BA7DB1CC62BB900860CB0 /* TodoList */,
				E99BA7DA1CC62BB900860CB0 /* Products */,
			);
			sourceTree = "<group>";
		};
		E99BA7DA1CC62BB900860CB0 /* Products */ = {
			isa = PBXGroup;
			children = (
				E99BA7D91CC62BB900860CB0 /* TodoList.app */,
			);
			name = Products;
			sourceTree = "<group>";
		};
		E99BA7DB1CC62BB900860CB0 /* TodoList */ = {
			isa = PBXGroup;
			children = (
				E991D83A1D11BBEC0002B94C /* changeLog */,
				E991D83C1D12E7460002B94C /* Utils */,
				E998B6BB1CD5C3F80001CCBF /* Model */,
				E998B6C01CD5D2100001CCBF /* Helper */,
				E998B6BC1CD5C40C0001CCBF /* Cell */,
				E99101CA1CCB0E2800FF1424 /* DetailViewController.swift */,
				E9227C581CCCCBD6002E8414 /* TodoViewController.swift */,
				E96424C91CF5F37700073BEA /* TodoItemDataModel.xcdatamodeld */,
				E99BA7E01CC62BB900860CB0 /* Main.storyboard */,
				E998B6BD1CD5C44D0001CCBF /* Support files */,
			);
			path = TodoList;
			sourceTree = "<group>";
		};
/* End PBXGroup section */

/* Begin PBXNativeTarget section */
		E99BA7D81CC62BB900860CB0 /* TodoList */ = {
			isa = PBXNativeTarget;
			buildConfigurationList = E99BA7EB1CC62BB900860CB0 /* Build configuration list for PBXNativeTarget "TodoList" */;
			buildPhases = (
				E99BA7D51CC62BB900860CB0 /* Sources */,
				E99BA7D61CC62BB900860CB0 /* Frameworks */,
				E99BA7D71CC62BB900860CB0 /* Resources */,
			);
			buildRules = (
			);
			dependencies = (
			);
			name = TodoList;
			productName = TodoList;
			productReference = E99BA7D91CC62BB900860CB0 /* TodoList.app */;
			productType = "com.apple.product-type.application";
		};
/* End PBXNativeTarget section */

/* Begin PBXProject section */
		E99BA7D11CC62BB800860CB0 /* Project object */ = {
			isa = PBXProject;
			attributes = {
				LastSwiftUpdateCheck = 0730;
				LastUpgradeCheck = 0730;
				ORGANIZATIONNAME = Sunlit.Amo;
				TargetAttributes = {
					E99BA7D81CC62BB900860CB0 = {
						CreatedOnToolsVersion = 7.3;
					};
				};
			};
			buildConfigurationList = E99BA7D41CC62BB800860CB0 /* Build configuration list for PBXProject "TodoList" */;
			compatibilityVersion = "Xcode 3.2";
			developmentRegion = English;
			hasScannedForEncodings = 0;
			knownRegions = (
				en,
				Base,
			);
			mainGroup = E99BA7D01CC62BB800860CB0;
			productRefGroup = E99BA7DA1CC62BB900860CB0 /* Products */;
			projectDirPath = "";
			projectRoot = "";
			targets = (
				E99BA7D81CC62BB900860CB0 /* TodoList */,
			);
		};
/* End PBXProject section */

/* Begin PBXResourcesBuildPhase section */
		E99BA7D71CC62BB900860CB0 /* Resources */ = {
			isa = PBXResourcesBuildPhase;
			buildActionMask = 2147483647;
			files = (
				E99BA7E71CC62BB900860CB0 /* LaunchScreen.storyboard in Resources */,
				E991D83B1D11BBEC0002B94C /* changeLog in Resources */,
				E99BA7E41CC62BB900860CB0 /* Assets.xcassets in Resources */,
				E99BA7E21CC62BB900860CB0 /* Main.storyboard in Resources */,
			);
			runOnlyForDeploymentPostprocessing = 0;
		};
/* End PBXResourcesBuildPhase section */

/* Begin PBXSourcesBuildPhase section */
		E99BA7D51CC62BB900860CB0 /* Sources */ = {
			isa = PBXSourcesBuildPhase;
			buildActionMask = 2147483647;
			files = (
				E907981F1D03EB250050D455 /* TaskDate+CoreDataProperties.swift in Sources */,
				E991D83E1D12E7840002B94C /* Constants.swift in Sources */,
				E9B38E5D1CD825E300BC27E1 /* TodoItemList.swift in Sources */,
				E9EB539F1CDDBCB300E0EFCB /* TodoListHelper.swift in Sources */,
				E94DF9831CE3763C00BEA74E /* TodoCell.swift in Sources */,
				E99101CB1CCB0E2800FF1424 /* DetailViewController.swift in Sources */,
				E99BA7DD1CC62BB900860CB0 /* AppDelegate.swift in Sources */,
				E907981E1D03EB250050D455 /* TodoModel.swift in Sources */,
				E9227C591CCCCBD6002E8414 /* TodoViewController.swift in Sources */,
				E988D1E01CDE0C94004C156E /* CalendarHelper.swift in Sources */,
				E9B38E5B1CD822C100BC27E1 /* TodoCollectionCell.swift in Sources */,
				E90798201D03EB250050D455 /* TaskDate.swift in Sources */,
				E94DF9851CE3767500BEA74E /* CalendarCell.swift in Sources */,
				E96424CB1CF5F37700073BEA /* TodoItemDataModel.xcdatamodeld in Sources */,
				E907981D1D03EB250050D455 /* TodoModel+CoreDataProperties.swift in Sources */,
				E9F137161CF9ECF900A042F2 /* CoreDataHelper.swift in Sources */,
			);
			runOnlyForDeploymentPostprocessing = 0;
		};
/* End PBXSourcesBuildPhase section */

/* Begin PBXVariantGroup section */
		E99BA7E01CC62BB900860CB0 /* Main.storyboard */ = {
			isa = PBXVariantGroup;
			children = (
				E99BA7E11CC62BB900860CB0 /* Base */,
			);
			name = Main.storyboard;
			sourceTree = "<group>";
		};
		E99BA7E51CC62BB900860CB0 /* LaunchScreen.storyboard */ = {
			isa = PBXVariantGroup;
			children = (
				E99BA7E61CC62BB900860CB0 /* Base */,
			);
			name = LaunchScreen.storyboard;
			sourceTree = "<group>";
		};
/* End PBXVariantGroup section */

/* Begin XCBuildConfiguration section */
		E99BA7E91CC62BB900860CB0 /* Debug */ = {
			isa = XCBuildConfiguration;
			buildSettings = {
				ALWAYS_SEARCH_USER_PATHS = NO;
				CLANG_ANALYZER_NONNULL = YES;
				CLANG_CXX_LANGUAGE_STANDARD = "gnu++0x";
				CLANG_CXX_LIBRARY = "libc++";
				CLANG_ENABLE_MODULES = YES;
				CLANG_ENABLE_OBJC_ARC = YES;
				CLANG_WARN_BOOL_CONVERSION = YES;
				CLANG_WARN_CONSTANT_CONVERSION = YES;
				CLANG_WARN_DIRECT_OBJC_ISA_USAGE = YES_ERROR;
				CLANG_WARN_EMPTY_BODY = YES;
				CLANG_WARN_ENUM_CONVERSION = YES;
				CLANG_WARN_INT_CONVERSION = YES;
				CLANG_WARN_OBJC_ROOT_CLASS = YES_ERROR;
				CLANG_WARN_UNREACHABLE_CODE = YES;
				CLANG_WARN__DUPLICATE_METHOD_MATCH = YES;
				"CODE_SIGN_IDENTITY[sdk=iphoneos*]" = "iPhone Developer";
				COPY_PHASE_STRIP = NO;
				DEBUG_INFORMATION_FORMAT = dwarf;
				ENABLE_STRICT_OBJC_MSGSEND = YES;
				ENABLE_TESTABILITY = YES;
				GCC_C_LANGUAGE_STANDARD = gnu99;
				GCC_DYNAMIC_NO_PIC = NO;
				GCC_NO_COMMON_BLOCKS = YES;
				GCC_OPTIMIZATION_LEVEL = 0;
				GCC_PREPROCESSOR_DEFINITIONS = (
					"DEBUG=1",
					"$(inherited)",
				);
				GCC_WARN_64_TO_32_BIT_CONVERSION = YES;
				GCC_WARN_ABOUT_RETURN_TYPE = YES_ERROR;
				GCC_WARN_UNDECLARED_SELECTOR = YES;
				GCC_WARN_UNINITIALIZED_AUTOS = YES_AGGRESSIVE;
				GCC_WARN_UNUSED_FUNCTION = YES;
				GCC_WARN_UNUSED_VARIABLE = YES;
				IPHONEOS_DEPLOYMENT_TARGET = 9.3;
				MTL_ENABLE_DEBUG_INFO = YES;
				ONLY_ACTIVE_ARCH = YES;
				SDKROOT = iphoneos;
				SWIFT_OPTIMIZATION_LEVEL = "-Onone";
			};
			name = Debug;
		};
		E99BA7EA1CC62BB900860CB0 /* Release */ = {
			isa = XCBuildConfiguration;
			buildSettings = {
				ALWAYS_SEARCH_USER_PATHS = NO;
				CLANG_ANALYZER_NONNULL = YES;
				CLANG_CXX_LANGUAGE_STANDARD = "gnu++0x";
				CLANG_CXX_LIBRARY = "libc++";
				CLANG_ENABLE_MODULES = YES;
				CLANG_ENABLE_OBJC_ARC = YES;
				CLANG_WARN_BOOL_CONVERSION = YES;
				CLANG_WARN_CONSTANT_CONVERSION = YES;
				CLANG_WARN_DIRECT_OBJC_ISA_USAGE = YES_ERROR;
				CLANG_WARN_EMPTY_BODY = YES;
				CLANG_WARN_ENUM_CONVERSION = YES;
				CLANG_WARN_INT_CONVERSION = YES;
				CLANG_WARN_OBJC_ROOT_CLASS = YES_ERROR;
				CLANG_WARN_UNREACHABLE_CODE = YES;
				CLANG_WARN__DUPLICATE_METHOD_MATCH = YES;
				"CODE_SIGN_IDENTITY[sdk=iphoneos*]" = "iPhone Developer";
				COPY_PHASE_STRIP = NO;
				DEBUG_INFORMATION_FORMAT = "dwarf-with-dsym";
				ENABLE_NS_ASSERTIONS = NO;
				ENABLE_STRICT_OBJC_MSGSEND = YES;
				GCC_C_LANGUAGE_STANDARD = gnu99;
				GCC_NO_COMMON_BLOCKS = YES;
				GCC_WARN_64_TO_32_BIT_CONVERSION = YES;
				GCC_WARN_ABOUT_RETURN_TYPE = YES_ERROR;
				GCC_WARN_UNDECLARED_SELECTOR = YES;
				GCC_WARN_UNINITIALIZED_AUTOS = YES_AGGRESSIVE;
				GCC_WARN_UNUSED_FUNCTION = YES;
				GCC_WARN_UNUSED_VARIABLE = YES;
				IPHONEOS_DEPLOYMENT_TARGET = 9.3;
				MTL_ENABLE_DEBUG_INFO = NO;
				SDKROOT = iphoneos;
				VALIDATE_PRODUCT = YES;
			};
			name = Release;
		};
		E99BA7EC1CC62BB900860CB0 /* Debug */ = {
			isa = XCBuildConfiguration;
			buildSettings = {
				ASSETCATALOG_COMPILER_APPICON_NAME = AppIcon;
				INFOPLIST_FILE = TodoList/Info.plist;
				LD_RUNPATH_SEARCH_PATHS = "$(inherited) @executable_path/Frameworks";
				PRODUCT_BUNDLE_IDENTIFIER = sunlitamo.TodoList;
				PRODUCT_NAME = "$(TARGET_NAME)";
			};
			name = Debug;
		};
		E99BA7ED1CC62BB900860CB0 /* Release */ = {
			isa = XCBuildConfiguration;
			buildSettings = {
				ASSETCATALOG_COMPILER_APPICON_NAME = AppIcon;
				INFOPLIST_FILE = TodoList/Info.plist;
				LD_RUNPATH_SEARCH_PATHS = "$(inherited) @executable_path/Frameworks";
				PRODUCT_BUNDLE_IDENTIFIER = sunlitamo.TodoList;
				PRODUCT_NAME = "$(TARGET_NAME)";
			};
			name = Release;
		};
/* End XCBuildConfiguration section */

/* Begin XCConfigurationList section */
		E99BA7D41CC62BB800860CB0 /* Build configuration list for PBXProject "TodoList" */ = {
			isa = XCConfigurationList;
			buildConfigurations = (
				E99BA7E91CC62BB900860CB0 /* Debug */,
				E99BA7EA1CC62BB900860CB0 /* Release */,
			);
			defaultConfigurationIsVisible = 0;
			defaultConfigurationName = Release;
		};
		E99BA7EB1CC62BB900860CB0 /* Build configuration list for PBXNativeTarget "TodoList" */ = {
			isa = XCConfigurationList;
			buildConfigurations = (
				E99BA7EC1CC62BB900860CB0 /* Debug */,
				E99BA7ED1CC62BB900860CB0 /* Release */,
			);
			defaultConfigurationIsVisible = 0;
			defaultConfigurationName = Release;
		};
/* End XCConfigurationList section */

/* Begin XCVersionGroup section */
		E96424C91CF5F37700073BEA /* TodoItemDataModel.xcdatamodeld */ = {
			isa = XCVersionGroup;
			children = (
				E96424CA1CF5F37700073BEA /* TodoItemDataModel.xcdatamodel */,
			);
			currentVersion = E96424CA1CF5F37700073BEA /* TodoItemDataModel.xcdatamodel */;
			path = TodoItemDataModel.xcdatamodeld;
			sourceTree = "<group>";
			versionGroupType = wrapper.xcdatamodel;
		};
/* End XCVersionGroup section */
	};
	rootObject = E99BA7D11CC62BB800860CB0 /* Project object */;
}
